Microsoft Visual Studio Solution File, Format Version 12.00
# Visual Studio 2012
Project("{FAE04EC0-301F-11D3-BF4B-00C04F79EFBC}") = "Dodge The Creeps", "Dodge The Creeps.csproj", "{6127E9EB-3021-46F5-BC4D-7844460388BD}"
EndProject
Global
	GlobalSection(SolutionConfigurationPlatforms) = preSolution
	Debug|Any CPU = Debug|Any CPU
	ExportDebug|Any CPU = ExportDebug|Any CPU
	ExportRelease|Any CPU = ExportRelease|Any CPU
	EndGlobalSection
	GlobalSection(ProjectConfigurationPlatforms) = postSolution
		{6127E9EB-3021-46F5-BC4D-7844460388BD}.Debug|Any CPU.ActiveCfg = Debug|Any CPU
		{6127E9EB-3021-46F5-BC4D-7844460388BD}.Debug|Any CPU.Build.0 = Debug|Any CPU
		{6127E9EB-3021-46F5-BC4D-7844460388BD}.ExportDebug|Any CPU.ActiveCfg = ExportDebug|Any CPU
		{6127E9EB-3021-46F5-BC4D-7844460388BD}.ExportDebug|Any CPU.Build.0 = ExportDebug|Any CPU
		{6127E9EB-3021-46F5-BC4D-7844460388BD}.ExportRelease|Any CPU.ActiveCfg = ExportRelease|Any CPU
		{6127E9EB-3021-46F5-BC4D-7844460388BD}.ExportRelease|Any CPU.Build.0 = ExportRelease|Any CPU
	EndGlobalSection
EndGlobal
